
Microsoft Visual Studio Solution File, Format Version 12.00
# Visual Studio Version 17
VisualStudioVersion = 17.13.36105.23 d17.13
MinimumVisualStudioVersion = 10.0.40219.1
Project("{FAE04EC0-301F-11D3-BF4B-00C04F79EFBC}") = "konkurs", "konkurs\konkurs.csproj", "{62D99D73-BA42-4460-97CC-39640D8CCAC4}"
EndProject
Global
	GlobalSection(SolutionConfigurationPlatforms) = preSolution
		Debug|Any CPU = Debug|Any CPU
		Release|Any CPU = Release|Any CPU
	EndGlobalSection
	GlobalSection(ProjectConfigurationPlatforms) = postSolution
		{62D99D73-BA42-4460-97CC-39640D8CCAC4}.Debug|Any CPU.ActiveCfg = Debug|Any CPU
		{62D99D73-BA42-4460-97CC-39640D8CCAC4}.Debug|Any CPU.Build.0 = Debug|Any CPU
		{62D99D73-BA42-4460-97CC-39640D8CCAC4}.Release|Any CPU.ActiveCfg = Release|Any CPU
		{62D99D73-BA42-4460-97CC-39640D8CCAC4}.Release|Any CPU.Build.0 = Release|Any CPU
	EndGlobalSection
	GlobalSection(SolutionProperties) = preSolution
		HideSolutionNode = FALSE
	EndGlobalSection
	GlobalSection(ExtensibilityGlobals) = postSolution
		SolutionGuid = {4F384C31-3E86-4BAF-B0F2-94FB65E11E85}
	EndGlobalSection
EndGlobal
